
Microsoft Visual Studio Solution File, Format Version 12.00
# Visual Studio Version 17
VisualStudioVersion = 17.14.36327.8 d17.14
MinimumVisualStudioVersion = 10.0.40219.1
Project("{FAE04EC0-301F-11D3-BF4B-00C04F79EFBC}") = "LoadConsentToGo", "LoadConsentToGo\LoadConsentToGo.csproj", "{BEACC240-D01A-4D92-9AAC-3FCF4F10790D}"
EndProject
Global
	GlobalSection(SolutionConfigurationPlatforms) = preSolution
		Debug|Any CPU = Debug|Any CPU
		Release|Any CPU = Release|Any CPU
	EndGlobalSection
	GlobalSection(ProjectConfigurationPlatforms) = postSolution
		{BEACC240-D01A-4D92-9AAC-3FCF4F10790D}.Debug|Any CPU.ActiveCfg = Debug|Any CPU
		{BEACC240-D01A-4D92-9AAC-3FCF4F10790D}.Debug|Any CPU.Build.0 = Debug|Any CPU
		{BEACC240-D01A-4D92-9AAC-3FCF4F10790D}.Release|Any CPU.ActiveCfg = Release|Any CPU
		{BEACC240-D01A-4D92-9AAC-3FCF4F10790D}.Release|Any CPU.Build.0 = Release|Any CPU
	EndGlobalSection
	GlobalSection(SolutionProperties) = preSolution
		HideSolutionNode = FALSE
	EndGlobalSection
	GlobalSection(ExtensibilityGlobals) = postSolution
		SolutionGuid = {4FBA6C1E-ABC2-4BCE-A783-69C0046CE5C7}
	EndGlobalSection
EndGlobal
